
Microsoft Visual Studio Solution File, Format Version 12.00
# Visual Studio Version 17
VisualStudioVersion = 17.5.33627.172
MinimumVisualStudioVersion = 10.0.40219.1
Project("{FAE04EC0-301F-11D3-BF4B-00C04F79EFBC}") = "RickandMorty", "RickandMorty.csproj", "{70C48CDD-0600-42A3-9881-6CFF219D84A1}"
EndProject
Project("{2150E333-8FDC-42A3-9474-1A3956D46DE8}") = "Core", "Core", "{9CE6CEFE-3BB7-4F71-97CA-AF4F8E0559D5}"
EndProject
Project("{2150E333-8FDC-42A3-9474-1A3956D46DE8}") = "Infrastructure", "Infrastructure", "{F8A410C8-B7BD-4532-96E6-9E0D1A731E9D}"
EndProject
Project("{2150E333-8FDC-42A3-9474-1A3956D46DE8}") = "Presentation", "Presentation", "{42472F95-CFC4-45B2-8ADE-0140FA86F89E}"
EndProject
Project("{FAE04EC0-301F-11D3-BF4B-00C04F79EFBC}") = "RickMortyPersistence", "..\RickMortyPersistence\RickMortyPersistence.csproj", "{02592EFB-41F9-41D6-8CDD-F26DA29F5A3E}"
EndProject
Project("{FAE04EC0-301F-11D3-BF4B-00C04F79EFBC}") = "RickMortyDomain", "..\RickMortyDomain\RickMortyDomain.csproj", "{AF140D38-3E50-4831-A463-59B8FCBC7051}"
EndProject
Project("{FAE04EC0-301F-11D3-BF4B-00C04F79EFBC}") = "RickMortyApplication", "..\RickMortyApplication\RickMortyApplication.csproj", "{7644583F-2AEA-4E71-BB02-148E4A7C319B}"
EndProject
Global
	GlobalSection(SolutionConfigurationPlatforms) = preSolution
		Debug|Any CPU = Debug|Any CPU
		Release|Any CPU = Release|Any CPU
	EndGlobalSection
	GlobalSection(ProjectConfigurationPlatforms) = postSolution
		{70C48CDD-0600-42A3-9881-6CFF219D84A1}.Debug|Any CPU.ActiveCfg = Debug|Any CPU
		{70C48CDD-0600-42A3-9881-6CFF219D84A1}.Debug|Any CPU.Build.0 = Debug|Any CPU
		{70C48CDD-0600-42A3-9881-6CFF219D84A1}.Release|Any CPU.ActiveCfg = Release|Any CPU
		{70C48CDD-0600-42A3-9881-6CFF219D84A1}.Release|Any CPU.Build.0 = Release|Any CPU
		{02592EFB-41F9-41D6-8CDD-F26DA29F5A3E}.Debug|Any CPU.ActiveCfg = Debug|Any CPU
		{02592EFB-41F9-41D6-8CDD-F26DA29F5A3E}.Debug|Any CPU.Build.0 = Debug|Any CPU
		{02592EFB-41F9-41D6-8CDD-F26DA29F5A3E}.Release|Any CPU.ActiveCfg = Release|Any CPU
		{02592EFB-41F9-41D6-8CDD-F26DA29F5A3E}.Release|Any CPU.Build.0 = Release|Any CPU
		{AF140D38-3E50-4831-A463-59B8FCBC7051}.Debug|Any CPU.ActiveCfg = Debug|Any CPU
		{AF140D38-3E50-4831-A463-59B8FCBC7051}.Debug|Any CPU.Build.0 = Debug|Any CPU
		{AF140D38-3E50-4831-A463-59B8FCBC7051}.Release|Any CPU.ActiveCfg = Release|Any CPU
		{AF140D38-3E50-4831-A463-59B8FCBC7051}.Release|Any CPU.Build.0 = Release|Any CPU
		{7644583F-2AEA-4E71-BB02-148E4A7C319B}.Debug|Any CPU.ActiveCfg = Debug|Any CPU
		{7644583F-2AEA-4E71-BB02-148E4A7C319B}.Debug|Any CPU.Build.0 = Debug|Any CPU
		{7644583F-2AEA-4E71-BB02-148E4A7C319B}.Release|Any CPU.ActiveCfg = Release|Any CPU
		{7644583F-2AEA-4E71-BB02-148E4A7C319B}.Release|Any CPU.Build.0 = Release|Any CPU
	EndGlobalSection
	GlobalSection(SolutionProperties) = preSolution
		HideSolutionNode = FALSE
	EndGlobalSection
	GlobalSection(NestedProjects) = preSolution
		{70C48CDD-0600-42A3-9881-6CFF219D84A1} = {42472F95-CFC4-45B2-8ADE-0140FA86F89E}
		{02592EFB-41F9-41D6-8CDD-F26DA29F5A3E} = {F8A410C8-B7BD-4532-96E6-9E0D1A731E9D}
		{AF140D38-3E50-4831-A463-59B8FCBC7051} = {9CE6CEFE-3BB7-4F71-97CA-AF4F8E0559D5}
		{7644583F-2AEA-4E71-BB02-148E4A7C319B} = {9CE6CEFE-3BB7-4F71-97CA-AF4F8E0559D5}
	EndGlobalSection
	GlobalSection(ExtensibilityGlobals) = postSolution
		SolutionGuid = {3370CDD6-A297-4306-8F32-FD06CDEDA105}
	EndGlobalSection
EndGlobal
